
Microsoft Visual Studio Solution File, Format Version 12.00
# Visual Studio Version 16
VisualStudioVersion = 16.0.29409.12
MinimumVisualStudioVersion = 10.0.40219.1
Project("{FAE04EC0-301F-11D3-BF4B-00C04F79EFBC}") = "CHIP-8.Emulator", "CHIP-8.Emulator\CHIP-8.Emulator.csproj", "{D3E44768-24FB-4459-8051-9AB280C380B0}"
EndProject
Project("{FAE04EC0-301F-11D3-BF4B-00C04F79EFBC}") = "CHIP-8.Disassembler", "CHIP-8.Disassembler\CHIP-8.Disassembler.csproj", "{163C240B-CC2F-4EC0-9610-8B15D6121BD7}"
EndProject
Global
	GlobalSection(SolutionConfigurationPlatforms) = preSolution
		Debug|Any CPU = Debug|Any CPU
		Release|Any CPU = Release|Any CPU
	EndGlobalSection
	GlobalSection(ProjectConfigurationPlatforms) = postSolution
		{D3E44768-24FB-4459-8051-9AB280C380B0}.Debug|Any CPU.ActiveCfg = Debug|Any CPU
		{D3E44768-24FB-4459-8051-9AB280C380B0}.Debug|Any CPU.Build.0 = Debug|Any CPU
		{D3E44768-24FB-4459-8051-9AB280C380B0}.Release|Any CPU.ActiveCfg = Release|Any CPU
		{D3E44768-24FB-4459-8051-9AB280C380B0}.Release|Any CPU.Build.0 = Release|Any CPU
		{163C240B-CC2F-4EC0-9610-8B15D6121BD7}.Debug|Any CPU.ActiveCfg = Debug|Any CPU
		{163C240B-CC2F-4EC0-9610-8B15D6121BD7}.Debug|Any CPU.Build.0 = Debug|Any CPU
		{163C240B-CC2F-4EC0-9610-8B15D6121BD7}.Release|Any CPU.ActiveCfg = Release|Any CPU
		{163C240B-CC2F-4EC0-9610-8B15D6121BD7}.Release|Any CPU.Build.0 = Release|Any CPU
	EndGlobalSection
	GlobalSection(SolutionProperties) = preSolution
		HideSolutionNode = FALSE
	EndGlobalSection
	GlobalSection(ExtensibilityGlobals) = postSolution
		SolutionGuid = {39EC342E-7579-4270-8A38-344B3CAB1C2F}
	EndGlobalSection
EndGlobal
